version: 2.0
shards:
  clide:
    path: ./submodules/clide
    version: 0.1.0

  db:
    git: https://github.com/crystal-lang/crystal-db.git
    version: 0.10.1

  rikki:
    path: ./submodules/rikki
    version: 0.1.0

  sqlite3:
    git: https://github.com/crystal-lang/crystal-sqlite3.git
    version: 0.18.0

